
Microsoft Visual Studio Solution File, Format Version 12.00
# Visual Studio Version 16
VisualStudioVersion = 16.0.30804.86
MinimumVisualStudioVersion = 10.0.40219.1
Project("{FAE04EC0-301F-11D3-BF4B-00C04F79EFBC}") = "ProjectTracker", "ProjectTracker.csproj", "{D879E50E-0B0A-4B37-9032-03381E8F4858}"
EndProject
Global
	GlobalSection(SolutionConfigurationPlatforms) = preSolution
		Debug|Any CPU = Debug|Any CPU
		Release|Any CPU = Release|Any CPU
	EndGlobalSection
	GlobalSection(ProjectConfigurationPlatforms) = postSolution
		{D879E50E-0B0A-4B37-9032-03381E8F4858}.Debug|Any CPU.ActiveCfg = Debug|Any CPU
		{D879E50E-0B0A-4B37-9032-03381E8F4858}.Debug|Any CPU.Build.0 = Debug|Any CPU
		{D879E50E-0B0A-4B37-9032-03381E8F4858}.Release|Any CPU.ActiveCfg = Release|Any CPU
		{D879E50E-0B0A-4B37-9032-03381E8F4858}.Release|Any CPU.Build.0 = Release|Any CPU
	EndGlobalSection
	GlobalSection(SolutionProperties) = preSolution
		HideSolutionNode = FALSE
	EndGlobalSection
	GlobalSection(ExtensibilityGlobals) = postSolution
		SolutionGuid = {0C6D95D9-A9E6-4E94-AA4E-20E07B5317E7}
	EndGlobalSection
EndGlobal
